
Microsoft Visual Studio Solution File, Format Version 12.00
# Visual Studio Version 17
VisualStudioVersion = 17.14.36518.9 d17.14
MinimumVisualStudioVersion = 10.0.40219.1
Project("{FAE04EC0-301F-11D3-BF4B-00C04F79EFBC}") = "qyanlykhachhang", "qyanlykhachhang\qyanlykhachhang.csproj", "{BBAFC36A-72AE-4A9B-977C-42B14C5CC45D}"
EndProject
Global
	GlobalSection(SolutionConfigurationPlatforms) = preSolution
		Debug|Any CPU = Debug|Any CPU
		Release|Any CPU = Release|Any CPU
	EndGlobalSection
	GlobalSection(ProjectConfigurationPlatforms) = postSolution
		{BBAFC36A-72AE-4A9B-977C-42B14C5CC45D}.Debug|Any CPU.ActiveCfg = Debug|Any CPU
		{BBAFC36A-72AE-4A9B-977C-42B14C5CC45D}.Debug|Any CPU.Build.0 = Debug|Any CPU
		{BBAFC36A-72AE-4A9B-977C-42B14C5CC45D}.Release|Any CPU.ActiveCfg = Release|Any CPU
		{BBAFC36A-72AE-4A9B-977C-42B14C5CC45D}.Release|Any CPU.Build.0 = Release|Any CPU
	EndGlobalSection
	GlobalSection(SolutionProperties) = preSolution
		HideSolutionNode = FALSE
	EndGlobalSection
	GlobalSection(ExtensibilityGlobals) = postSolution
		SolutionGuid = {B9AA3368-6661-4DA4-B8F1-08447153A422}
	EndGlobalSection
EndGlobal
