
Microsoft Visual Studio Solution File, Format Version 12.00
# Visual Studio Version 17
VisualStudioVersion = 17.14.36623.8 d17.14
MinimumVisualStudioVersion = 10.0.40219.1
Project("{FAE04EC0-301F-11D3-BF4B-00C04F79EFBC}") = "StoreManagement", "StoreManagement.csproj", "{4915AA63-22C5-DA20-1657-99ACFAB2F7CB}"
EndProject
Global
	GlobalSection(SolutionConfigurationPlatforms) = preSolution
		Debug|Any CPU = Debug|Any CPU
		Release|Any CPU = Release|Any CPU
	EndGlobalSection
	GlobalSection(ProjectConfigurationPlatforms) = postSolution
		{4915AA63-22C5-DA20-1657-99ACFAB2F7CB}.Debug|Any CPU.ActiveCfg = Debug|Any CPU
		{4915AA63-22C5-DA20-1657-99ACFAB2F7CB}.Debug|Any CPU.Build.0 = Debug|Any CPU
		{4915AA63-22C5-DA20-1657-99ACFAB2F7CB}.Release|Any CPU.ActiveCfg = Release|Any CPU
		{4915AA63-22C5-DA20-1657-99ACFAB2F7CB}.Release|Any CPU.Build.0 = Release|Any CPU
	EndGlobalSection
	GlobalSection(SolutionProperties) = preSolution
		HideSolutionNode = FALSE
	EndGlobalSection
	GlobalSection(ExtensibilityGlobals) = postSolution
		SolutionGuid = {3E6CE847-48A1-4EE2-82BA-D7988B1B9C7F}
	EndGlobalSection
EndGlobal
